
Microsoft Visual Studio Solution File, Format Version 12.00
# Visual Studio 15
VisualStudioVersion = 15.0.27130.2020
MinimumVisualStudioVersion = 10.0.40219.1
Project("{FAE04EC0-301F-11D3-BF4B-00C04F79EFBC}") = "BilletLib", "BilletLib\BilletLib.csproj", "{7DE7B84B-2DF2-40EC-83B9-50DE3C5B5C54}"
EndProject
Project("{FAE04EC0-301F-11D3-BF4B-00C04F79EFBC}") = "BilletLibTests", "BilletLibTests\BilletLibTests.csproj", "{B5207EE3-55A0-4096-BF86-64CB4F480309}"
EndProject
Global
	GlobalSection(SolutionConfigurationPlatforms) = preSolution
		Debug|Any CPU = Debug|Any CPU
		Release|Any CPU = Release|Any CPU
	EndGlobalSection
	GlobalSection(ProjectConfigurationPlatforms) = postSolution
		{7DE7B84B-2DF2-40EC-83B9-50DE3C5B5C54}.Debug|Any CPU.ActiveCfg = Debug|Any CPU
		{7DE7B84B-2DF2-40EC-83B9-50DE3C5B5C54}.Debug|Any CPU.Build.0 = Debug|Any CPU
		{7DE7B84B-2DF2-40EC-83B9-50DE3C5B5C54}.Release|Any CPU.ActiveCfg = Release|Any CPU
		{7DE7B84B-2DF2-40EC-83B9-50DE3C5B5C54}.Release|Any CPU.Build.0 = Release|Any CPU
		{B5207EE3-55A0-4096-BF86-64CB4F480309}.Debug|Any CPU.ActiveCfg = Debug|Any CPU
		{B5207EE3-55A0-4096-BF86-64CB4F480309}.Debug|Any CPU.Build.0 = Debug|Any CPU
		{B5207EE3-55A0-4096-BF86-64CB4F480309}.Release|Any CPU.ActiveCfg = Release|Any CPU
		{B5207EE3-55A0-4096-BF86-64CB4F480309}.Release|Any CPU.Build.0 = Release|Any CPU
	EndGlobalSection
	GlobalSection(SolutionProperties) = preSolution
		HideSolutionNode = FALSE
	EndGlobalSection
	GlobalSection(ExtensibilityGlobals) = postSolution
		SolutionGuid = {A88DFFC2-6F59-48C2-A7C5-8F851334071B}
	EndGlobalSection
EndGlobal
